
Microsoft Visual Studio Solution File, Format Version 12.00
# Visual Studio Version 16
VisualStudioVersion = 16.0.30907.101
MinimumVisualStudioVersion = 10.0.40219.1
Project("{FAE04EC0-301F-11D3-BF4B-00C04F79EFBC}") = "VideoCompresser", "VideoCompresser\VideoCompresser.csproj", "{7A51C92D-7338-4C35-9470-DF2C0E3E8B69}"
EndProject
Global
	GlobalSection(SolutionConfigurationPlatforms) = preSolution
		Debug|Any CPU = Debug|Any CPU
		Release|Any CPU = Release|Any CPU
	EndGlobalSection
	GlobalSection(ProjectConfigurationPlatforms) = postSolution
		{7A51C92D-7338-4C35-9470-DF2C0E3E8B69}.Debug|Any CPU.ActiveCfg = Debug|Any CPU
		{7A51C92D-7338-4C35-9470-DF2C0E3E8B69}.Debug|Any CPU.Build.0 = Debug|Any CPU
		{7A51C92D-7338-4C35-9470-DF2C0E3E8B69}.Release|Any CPU.ActiveCfg = Release|Any CPU
		{7A51C92D-7338-4C35-9470-DF2C0E3E8B69}.Release|Any CPU.Build.0 = Release|Any CPU
	EndGlobalSection
	GlobalSection(SolutionProperties) = preSolution
		HideSolutionNode = FALSE
	EndGlobalSection
	GlobalSection(ExtensibilityGlobals) = postSolution
		SolutionGuid = {6FB7EC85-8392-48BE-8750-0ABBB6F88920}
	EndGlobalSection
EndGlobal
